
Microsoft Visual Studio Solution File, Format Version 12.00
# Visual Studio Version 16
VisualStudioVersion = 25.0.1706.9
MinimumVisualStudioVersion = 10.0.40219.1
Project("{FAE04EC0-301F-11D3-BF4B-00C04F79EFBC}") = "metodosdos", "metodosdos\metodosdos.csproj", "{B6A45334-C3D2-4B09-BB5E-79B03D66428C}"
EndProject
Global
	GlobalSection(SolutionConfigurationPlatforms) = preSolution
		Debug|Any CPU = Debug|Any CPU
		Release|Any CPU = Release|Any CPU
	EndGlobalSection
	GlobalSection(ProjectConfigurationPlatforms) = postSolution
		{B6A45334-C3D2-4B09-BB5E-79B03D66428C}.Debug|Any CPU.ActiveCfg = Debug|Any CPU
		{B6A45334-C3D2-4B09-BB5E-79B03D66428C}.Debug|Any CPU.Build.0 = Debug|Any CPU
		{B6A45334-C3D2-4B09-BB5E-79B03D66428C}.Release|Any CPU.ActiveCfg = Release|Any CPU
		{B6A45334-C3D2-4B09-BB5E-79B03D66428C}.Release|Any CPU.Build.0 = Release|Any CPU
	EndGlobalSection
	GlobalSection(SolutionProperties) = preSolution
		HideSolutionNode = FALSE
	EndGlobalSection
	GlobalSection(ExtensibilityGlobals) = postSolution
		SolutionGuid = {8B6744B3-6CBD-47A8-B906-52161DB98A0E}
	EndGlobalSection
EndGlobal
